// !$*UTF8*$!
{
	archiveVersion = 1;
	classes = {
	};
	objectVersion = 50;
	objects = {

/* Begin PBXBuildFile section */
		8B25853B2655023900A8D243 /* BFFsApp.swift in Sources */ = {isa = PBXBuildFile; fileRef = 8B25853A2655023900A8D243 /* BFFsApp.swift */; };
		8B25853D2655023900A8D243 /* ContentView.swift in Sources */ = {isa = PBXBuildFile; fileRef = 8B25853C2655023900A8D243 /* ContentView.swift */; };
		8B25853F2655023A00A8D243 /* Assets.xcassets in Resources */ = {isa = PBXBuildFile; fileRef = 8B25853E2655023A00A8D243 /* Assets.xcassets */; };
		8B2585422655023A00A8D243 /* Preview Assets.xcassets in Resources */ = {isa = PBXBuildFile; fileRef = 8B2585412655023A00A8D243 /* Preview Assets.xcassets */; };
		8B2585442655023A00A8D243 /* Persistence.swift in Sources */ = {isa = PBXBuildFile; fileRef = 8B2585432655023A00A8D243 /* Persistence.swift */; };
		8B2585472655023A00A8D243 /* BFFs.xcdatamodeld in Sources */ = {isa = PBXBuildFile; fileRef = 8B2585452655023A00A8D243 /* BFFs.xcdatamodeld */; };
		8BA7640C26550C6100D06A37 /* MainViewModel.swift in Sources */ = {isa = PBXBuildFile; fileRef = 8BA7640926550C6100D06A37 /* MainViewModel.swift */; };
		8BA7640D26550C6100D06A37 /* Networking.swift in Sources */ = {isa = PBXBuildFile; fileRef = 8BA7640A26550C6100D06A37 /* Networking.swift */; };
		8BA7640E26550C6100D06A37 /* User.swift in Sources */ = {isa = PBXBuildFile; fileRef = 8BA7640B26550C6100D06A37 /* User.swift */; };
		8BA7641126550D2D00D06A37 /* MainView.swift in Sources */ = {isa = PBXBuildFile; fileRef = 8BA7641026550D2D00D06A37 /* MainView.swift */; };
		8BA7641326550D6F00D06A37 /* ToggleView.swift in Sources */ = {isa = PBXBuildFile; fileRef = 8BA7641226550D6F00D06A37 /* ToggleView.swift */; };
		8BA7641526552AE200D06A37 /* Appearance.swift in Sources */ = {isa = PBXBuildFile; fileRef = 8BA7641426552AE200D06A37 /* Appearance.swift */; };
		8BA76417265537B300D06A37 /* LoadingIndicator.swift in Sources */ = {isa = PBXBuildFile; fileRef = 8BA76416265537B300D06A37 /* LoadingIndicator.swift */; };
/* End PBXBuildFile section */

/* Begin PBXFileReference section */
		8B2585372655023900A8D243 /* BFFs.app */ = {isa = PBXFileReference; explicitFileType = wrapper.application; includeInIndex = 0; path = BFFs.app; sourceTree = BUILT_PRODUCTS_DIR; };
		8B25853A2655023900A8D243 /* BFFsApp.swift */ = {isa = PBXFileReference; lastKnownFileType = sourcecode.swift; path = BFFsApp.swift; sourceTree = "<group>"; };
		8B25853C2655023900A8D243 /* ContentView.swift */ = {isa = PBXFileReference; lastKnownFileType = sourcecode.swift; path = ContentView.swift; sourceTree = "<group>"; };
		8B25853E2655023A00A8D243 /* Assets.xcassets */ = {isa = PBXFileReference; lastKnownFileType = folder.assetcatalog; path = Assets.xcassets; sourceTree = "<group>"; };
		8B2585412655023A00A8D243 /* Preview Assets.xcassets */ = {isa = PBXFileReference; lastKnownFileType = folder.assetcatalog; path = "Preview Assets.xcassets"; sourceTree = "<group>"; };
		8B2585432655023A00A8D243 /* Persistence.swift */ = {isa = PBXFileReference; lastKnownFileType = sourcecode.swift; path = Persistence.swift; sourceTree = "<group>"; };
		8B2585462655023A00A8D243 /* BFFs.xcdatamodel */ = {isa = PBXFileReference; lastKnownFileType = wrapper.xcdatamodel; path = BFFs.xcdatamodel; sourceTree = "<group>"; };
		8B2585482655023A00A8D243 /* Info.plist */ = {isa = PBXFileReference; lastKnownFileType = text.plist.xml; path = Info.plist; sourceTree = "<group>"; };
		8BA7640926550C6100D06A37 /* MainViewModel.swift */ = {isa = PBXFileReference; fileEncoding = 4; lastKnownFileType = sourcecode.swift; path = MainViewModel.swift; sourceTree = "<group>"; };
		8BA7640A26550C6100D06A37 /* Networking.swift */ = {isa = PBXFileReference; fileEncoding = 4; lastKnownFileType = sourcecode.swift; path = Networking.swift; sourceTree = "<group>"; };
		8BA7640B26550C6100D06A37 /* User.swift */ = {isa = PBXFileReference; fileEncoding = 4; lastKnownFileType = sourcecode.swift; path = User.swift; sourceTree = "<group>"; };
		8BA7641026550D2D00D06A37 /* MainView.swift */ = {isa = PBXFileReference; lastKnownFileType = sourcecode.swift; path = MainView.swift; sourceTree = "<group>"; };
		8BA7641226550D6F00D06A37 /* ToggleView.swift */ = {isa = PBXFileReference; lastKnownFileType = sourcecode.swift; path = ToggleView.swift; sourceTree = "<group>"; };
		8BA7641426552AE200D06A37 /* Appearance.swift */ = {isa = PBXFileReference; lastKnownFileType = sourcecode.swift; path = Appearance.swift; sourceTree = "<group>"; };
		8BA76416265537B300D06A37 /* LoadingIndicator.swift */ = {isa = PBXFileReference; lastKnownFileType = sourcecode.swift; path = LoadingIndicator.swift; sourceTree = "<group>"; };
/* End PBXFileReference section */

/* Begin PBXFrameworksBuildPhase section */
		8B2585342655023900A8D243 /* Frameworks */ = {
			isa = PBXFrameworksBuildPhase;
			buildActionMask = 2147483647;
			files = (
			);
			runOnlyForDeploymentPostprocessing = 0;
		};
/* End PBXFrameworksBuildPhase section */

/* Begin PBXGroup section */
		8B25852E2655023900A8D243 = {
			isa = PBXGroup;
			children = (
				8B2585392655023900A8D243 /* BFFs */,
				8B2585382655023900A8D243 /* Products */,
			);
			sourceTree = "<group>";
		};
		8B2585382655023900A8D243 /* Products */ = {
			isa = PBXGroup;
			children = (
				8B2585372655023900A8D243 /* BFFs.app */,
			);
			name = Products;
			sourceTree = "<group>";
		};
		8B2585392655023900A8D243 /* BFFs */ = {
			isa = PBXGroup;
			children = (
				8BA7640F26550D0300D06A37 /* view */,
				8B25854E2655024B00A8D243 /* model */,
				8B25853A2655023900A8D243 /* BFFsApp.swift */,
				8B25853C2655023900A8D243 /* ContentView.swift */,
				8B25853E2655023A00A8D243 /* Assets.xcassets */,
				8B2585482655023A00A8D243 /* Info.plist */,
				8B2585452655023A00A8D243 /* BFFs.xcdatamodeld */,
				8B2585402655023A00A8D243 /* Preview Content */,
			);
			path = BFFs;
			sourceTree = "<group>";
		};
		8B2585402655023A00A8D243 /* Preview Content */ = {
			isa = PBXGroup;
			children = (
				8B2585412655023A00A8D243 /* Preview Assets.xcassets */,
			);
			path = "Preview Content";
			sourceTree = "<group>";
		};
		8B25854E2655024B00A8D243 /* model */ = {
			isa = PBXGroup;
			children = (
				8BA7640926550C6100D06A37 /* MainViewModel.swift */,
				8BA7640A26550C6100D06A37 /* Networking.swift */,
				8BA7640B26550C6100D06A37 /* User.swift */,
				8B2585432655023A00A8D243 /* Persistence.swift */,
			);
			path = model;
			sourceTree = "<group>";
		};
		8BA7640F26550D0300D06A37 /* view */ = {
			isa = PBXGroup;
			children = (
				8BA7641026550D2D00D06A37 /* MainView.swift */,
				8BA7641226550D6F00D06A37 /* ToggleView.swift */,
				8BA7641426552AE200D06A37 /* Appearance.swift */,
				8BA76416265537B300D06A37 /* LoadingIndicator.swift */,
			);
			path = view;
			sourceTree = "<group>";
		};
/* End PBXGroup section */

/* Begin PBXNativeTarget section */
		8B2585362655023900A8D243 /* BFFs */ = {
			isa = PBXNativeTarget;
			buildConfigurationList = 8B25854B2655023A00A8D243 /* Build configuration list for PBXNativeTarget "BFFs" */;
			buildPhases = (
				8B2585332655023900A8D243 /* Sources */,
				8B2585342655023900A8D243 /* Frameworks */,
				8B2585352655023900A8D243 /* Resources */,
			);
			buildRules = (
			);
			dependencies = (
			);
			name = BFFs;
			productName = BFFs;
			productReference = 8B2585372655023900A8D243 /* BFFs.app */;
			productType = "com.apple.product-type.application";
		};
/* End PBXNativeTarget section */

/* Begin PBXProject section */
		8B25852F2655023900A8D243 /* Project object */ = {
			isa = PBXProject;
			attributes = {
				LastSwiftUpdateCheck = 1250;
				LastUpgradeCheck = 1250;
				TargetAttributes = {
					8B2585362655023900A8D243 = {
						CreatedOnToolsVersion = 12.5;
					};
				};
			};
			buildConfigurationList = 8B2585322655023900A8D243 /* Build configuration list for PBXProject "BFFs" */;
			compatibilityVersion = "Xcode 9.3";
			developmentRegion = en;
			hasScannedForEncodings = 0;
			knownRegions = (
				en,
				Base,
			);
			mainGroup = 8B25852E2655023900A8D243;
			productRefGroup = 8B2585382655023900A8D243 /* Products */;
			projectDirPath = "";
			projectRoot = "";
			targets = (
				8B2585362655023900A8D243 /* BFFs */,
			);
		};
/* End PBXProject section */

/* Begin PBXResourcesBuildPhase section */
		8B2585352655023900A8D243 /* Resources */ = {
			isa = PBXResourcesBuildPhase;
			buildActionMask = 2147483647;
			files = (
				8B2585422655023A00A8D243 /* Preview Assets.xcassets in Resources */,
				8B25853F2655023A00A8D243 /* Assets.xcassets in Resources */,
			);
			runOnlyForDeploymentPostprocessing = 0;
		};
/* End PBXResourcesBuildPhase section */

/* Begin PBXSourcesBuildPhase section */
		8B2585332655023900A8D243 /* Sources */ = {
			isa = PBXSourcesBuildPhase;
			buildActionMask = 2147483647;
			files = (
				8BA76417265537B300D06A37 /* LoadingIndicator.swift in Sources */,
				8BA7640C26550C6100D06A37 /* MainViewModel.swift in Sources */,
				8BA7641126550D2D00D06A37 /* MainView.swift in Sources */,
				8B2585442655023A00A8D243 /* Persistence.swift in Sources */,
				8B25853D2655023900A8D243 /* ContentView.swift in Sources */,
				8BA7640D26550C6100D06A37 /* Networking.swift in Sources */,
				8BA7641526552AE200D06A37 /* Appearance.swift in Sources */,
				8B2585472655023A00A8D243 /* BFFs.xcdatamodeld in Sources */,
				8B25853B2655023900A8D243 /* BFFsApp.swift in Sources */,
				8BA7641326550D6F00D06A37 /* ToggleView.swift in Sources */,
				8BA7640E26550C6100D06A37 /* User.swift in Sources */,
			);
			runOnlyForDeploymentPostprocessing = 0;
		};
/* End PBXSourcesBuildPhase section */

/* Begin XCBuildConfiguration section */
		8B2585492655023A00A8D243 /* Debug */ = {
			isa = XCBuildConfiguration;
			buildSettings = {
				ALWAYS_SEARCH_USER_PATHS = NO;
				CLANG_ANALYZER_NONNULL = YES;
				CLANG_ANALYZER_NUMBER_OBJECT_CONVERSION = YES_AGGRESSIVE;
				CLANG_CXX_LANGUAGE_STANDARD = "gnu++14";
				CLANG_CXX_LIBRARY = "libc++";
				CLANG_ENABLE_MODULES = YES;
				CLANG_ENABLE_OBJC_ARC = YES;
				CLANG_ENABLE_OBJC_WEAK = YES;
				CLANG_WARN_BLOCK_CAPTURE_AUTORELEASING = YES;
				CLANG_WARN_BOOL_CONVERSION = YES;
				CLANG_WARN_COMMA = YES;
				CLANG_WARN_CONSTANT_CONVERSION = YES;
				CLANG_WARN_DEPRECATED_OBJC_IMPLEMENTATIONS = YES;
				CLANG_WARN_DIRECT_OBJC_ISA_USAGE = YES_ERROR;
				CLANG_WARN_DOCUMENTATION_COMMENTS = YES;
				CLANG_WARN_EMPTY_BODY = YES;
				CLANG_WARN_ENUM_CONVERSION = YES;
				CLANG_WARN_INFINITE_RECURSION = YES;
				CLANG_WARN_INT_CONVERSION = YES;
				CLANG_WARN_NON_LITERAL_NULL_CONVERSION = YES;
				CLANG_WARN_OBJC_IMPLICIT_RETAIN_SELF = YES;
				CLANG_WARN_OBJC_LITERAL_CONVERSION = YES;
				CLANG_WARN_OBJC_ROOT_CLASS = YES_ERROR;
				CLANG_WARN_QUOTED_INCLUDE_IN_FRAMEWORK_HEADER = YES;
				CLANG_WARN_RANGE_LOOP_ANALYSIS = YES;
				CLANG_WARN_STRICT_PROTOTYPES = YES;
				CLANG_WARN_SUSPICIOUS_MOVE = YES;
				CLANG_WARN_UNGUARDED_AVAILABILITY = YES_AGGRESSIVE;
				CLANG_WARN_UNREACHABLE_CODE = YES;
				CLANG_WARN__DUPLICATE_METHOD_MATCH = YES;
				COPY_PHASE_STRIP = NO;
				DEBUG_INFORMATION_FORMAT = dwarf;
				ENABLE_STRICT_OBJC_MSGSEND = YES;
				ENABLE_TESTABILITY = YES;
				GCC_C_LANGUAGE_STANDARD = gnu11;
				GCC_DYNAMIC_NO_PIC = NO;
				GCC_NO_COMMON_BLOCKS = YES;
				GCC_OPTIMIZATION_LEVEL = 0;
				GCC_PREPROCESSOR_DEFINITIONS = (
					"DEBUG=1",
					"$(inherited)",
				);
				GCC_WARN_64_TO_32_BIT_CONVERSION = YES;
				GCC_WARN_ABOUT_RETURN_TYPE = YES_ERROR;
				GCC_WARN_UNDECLARED_SELECTOR = YES;
				GCC_WARN_UNINITIALIZED_AUTOS = YES_AGGRESSIVE;
				GCC_WARN_UNUSED_FUNCTION = YES;
				GCC_WARN_UNUSED_VARIABLE = YES;
				IPHONEOS_DEPLOYMENT_TARGET = 14.5;
				MTL_ENABLE_DEBUG_INFO = INCLUDE_SOURCE;
				MTL_FAST_MATH = YES;
				ONLY_ACTIVE_ARCH = YES;
				SDKROOT = iphoneos;
				SWIFT_ACTIVE_COMPILATION_CONDITIONS = DEBUG;
				SWIFT_OPTIMIZATION_LEVEL = "-Onone";
			};
			name = Debug;
		};
		8B25854A2655023A00A8D243 /* Release */ = {
			isa = XCBuildConfiguration;
			buildSettings = {
				ALWAYS_SEARCH_USER_PATHS = NO;
				CLANG_ANALYZER_NONNULL = YES;
				CLANG_ANALYZER_NUMBER_OBJECT_CONVERSION = YES_AGGRESSIVE;
				CLANG_CXX_LANGUAGE_STANDARD = "gnu++14";
				CLANG_CXX_LIBRARY = "libc++";
				CLANG_ENABLE_MODULES = YES;
				CLANG_ENABLE_OBJC_ARC = YES;
				CLANG_ENABLE_OBJC_WEAK = YES;
				CLANG_WARN_BLOCK_CAPTURE_AUTORELEASING = YES;
				CLANG_WARN_BOOL_CONVERSION = YES;
				CLANG_WARN_COMMA = YES;
				CLANG_WARN_CONSTANT_CONVERSION = YES;
				CLANG_WARN_DEPRECATED_OBJC_IMPLEMENTATIONS = YES;
				CLANG_WARN_DIRECT_OBJC_ISA_USAGE = YES_ERROR;
				CLANG_WARN_DOCUMENTATION_COMMENTS = YES;
				CLANG_WARN_EMPTY_BODY = YES;
				CLANG_WARN_ENUM_CONVERSION = YES;
				CLANG_WARN_INFINITE_RECURSION = YES;
				CLANG_WARN_INT_CONVERSION = YES;
				CLANG_WARN_NON_LITERAL_NULL_CONVERSION = YES;
				CLANG_WARN_OBJC_IMPLICIT_RETAIN_SELF = YES;
				CLANG_WARN_OBJC_LITERAL_CONVERSION = YES;
				CLANG_WARN_OBJC_ROOT_CLASS = YES_ERROR;
				CLANG_WARN_QUOTED_INCLUDE_IN_FRAMEWORK_HEADER = YES;
				CLANG_WARN_RANGE_LOOP_ANALYSIS = YES;
				CLANG_WARN_STRICT_PROTOTYPES = YES;
				CLANG_WARN_SUSPICIOUS_MOVE = YES;
				CLANG_WARN_UNGUARDED_AVAILABILITY = YES_AGGRESSIVE;
				CLANG_WARN_UNREACHABLE_CODE = YES;
				CLANG_WARN__DUPLICATE_METHOD_MATCH = YES;
				COPY_PHASE_STRIP = NO;
				DEBUG_INFORMATION_FORMAT = "dwarf-with-dsym";
				ENABLE_NS_ASSERTIONS = NO;
				ENABLE_STRICT_OBJC_MSGSEND = YES;
				GCC_C_LANGUAGE_STANDARD = gnu11;
				GCC_NO_COMMON_BLOCKS = YES;
				GCC_WARN_64_TO_32_BIT_CONVERSION = YES;
				GCC_WARN_ABOUT_RETURN_TYPE = YES_ERROR;
				GCC_WARN_UNDECLARED_SELECTOR = YES;
				GCC_WARN_UNINITIALIZED_AUTOS = YES_AGGRESSIVE;
				GCC_WARN_UNUSED_FUNCTION = YES;
				GCC_WARN_UNUSED_VARIABLE = YES;
				IPHONEOS_DEPLOYMENT_TARGET = 14.5;
				MTL_ENABLE_DEBUG_INFO = NO;
				MTL_FAST_MATH = YES;
				SDKROOT = iphoneos;
				SWIFT_COMPILATION_MODE = wholemodule;
				SWIFT_OPTIMIZATION_LEVEL = "-O";
				VALIDATE_PRODUCT = YES;
			};
			name = Release;
		};
		8B25854C2655023A00A8D243 /* Debug */ = {
			isa = XCBuildConfiguration;
			buildSettings = {
				ASSETCATALOG_COMPILER_APPICON_NAME = AppIcon;
				ASSETCATALOG_COMPILER_GLOBAL_ACCENT_COLOR_NAME = AccentColor;
				CODE_SIGN_STYLE = Automatic;
				DEVELOPMENT_ASSET_PATHS = "\"BFFs/Preview Content\"";
				DEVELOPMENT_TEAM = 429H9B36BJ;
				ENABLE_PREVIEWS = YES;
				INFOPLIST_FILE = BFFs/Info.plist;
				IPHONEOS_DEPLOYMENT_TARGET = 14.0;
				LD_RUNPATH_SEARCH_PATHS = (
					"$(inherited)",
					"@executable_path/Frameworks",
				);
				PRODUCT_BUNDLE_IDENTIFIER = tech.nerdyak.BFFs;
				PRODUCT_NAME = "$(TARGET_NAME)";
				SWIFT_VERSION = 5.0;
				TARGETED_DEVICE_FAMILY = "1,2";
			};
			name = Debug;
		};
		8B25854D2655023A00A8D243 /* Release */ = {
			isa = XCBuildConfiguration;
			buildSettings = {
				ASSETCATALOG_COMPILER_APPICON_NAME = AppIcon;
				ASSETCATALOG_COMPILER_GLOBAL_ACCENT_COLOR_NAME = AccentColor;
				CODE_SIGN_STYLE = Automatic;
				DEVELOPMENT_ASSET_PATHS = "\"BFFs/Preview Content\"";
				DEVELOPMENT_TEAM = 429H9B36BJ;
				ENABLE_PREVIEWS = YES;
				INFOPLIST_FILE = BFFs/Info.plist;
				IPHONEOS_DEPLOYMENT_TARGET = 14.0;
				LD_RUNPATH_SEARCH_PATHS = (
					"$(inherited)",
					"@executable_path/Frameworks",
				);
				PRODUCT_BUNDLE_IDENTIFIER = tech.nerdyak.BFFs;
				PRODUCT_NAME = "$(TARGET_NAME)";
				SWIFT_VERSION = 5.0;
				TARGETED_DEVICE_FAMILY = "1,2";
			};
			name = Release;
		};
/* End XCBuildConfiguration section */

/* Begin XCConfigurationList section */
		8B2585322655023900A8D243 /* Build configuration list for PBXProject "BFFs" */ = {
			isa = XCConfigurationList;
			buildConfigurations = (
				8B2585492655023A00A8D243 /* Debug */,
				8B25854A2655023A00A8D243 /* Release */,
			);
			defaultConfigurationIsVisible = 0;
			defaultConfigurationName = Release;
		};
		8B25854B2655023A00A8D243 /* Build configuration list for PBXNativeTarget "BFFs" */ = {
			isa = XCConfigurationList;
			buildConfigurations = (
				8B25854C2655023A00A8D243 /* Debug */,
				8B25854D2655023A00A8D243 /* Release */,
			);
			defaultConfigurationIsVisible = 0;
			defaultConfigurationName = Release;
		};
/* End XCConfigurationList section */

/* Begin XCVersionGroup section */
		8B2585452655023A00A8D243 /* BFFs.xcdatamodeld */ = {
			isa = XCVersionGroup;
			children = (
				8B2585462655023A00A8D243 /* BFFs.xcdatamodel */,
			);
			currentVersion = 8B2585462655023A00A8D243 /* BFFs.xcdatamodel */;
			path = BFFs.xcdatamodeld;
			sourceTree = "<group>";
			versionGroupType = wrapper.xcdatamodel;
		};
/* End XCVersionGroup section */
	};
	rootObject = 8B25852F2655023900A8D243 /* Project object */;
}
